
Microsoft Visual Studio Solution File, Format Version 12.00
# Visual Studio Version 17
VisualStudioVersion = 17.11.35222.181
MinimumVisualStudioVersion = 10.0.40219.1
Project("{FAE04EC0-301F-11D3-BF4B-00C04F79EFBC}") = "FootballersAPI", "FootballersAPI.csproj", "{77665980-EE30-4E9A-81DC-03BE1DDF5745}"
EndProject
Global
	GlobalSection(SolutionConfigurationPlatforms) = preSolution
		Debug|Any CPU = Debug|Any CPU
		Release|Any CPU = Release|Any CPU
	EndGlobalSection
	GlobalSection(ProjectConfigurationPlatforms) = postSolution
		{77665980-EE30-4E9A-81DC-03BE1DDF5745}.Debug|Any CPU.ActiveCfg = Debug|Any CPU
		{77665980-EE30-4E9A-81DC-03BE1DDF5745}.Debug|Any CPU.Build.0 = Debug|Any CPU
		{77665980-EE30-4E9A-81DC-03BE1DDF5745}.Release|Any CPU.ActiveCfg = Release|Any CPU
		{77665980-EE30-4E9A-81DC-03BE1DDF5745}.Release|Any CPU.Build.0 = Release|Any CPU
	EndGlobalSection
	GlobalSection(SolutionProperties) = preSolution
		HideSolutionNode = FALSE
	EndGlobalSection
	GlobalSection(ExtensibilityGlobals) = postSolution
		SolutionGuid = {68BC656F-6458-424D-9CF8-19C9552180B7}
	EndGlobalSection
EndGlobal
